// !$*UTF8*$!
{
	archiveVersion = 1;
	classes = {
	};
	objectVersion = 77;
	objects = {

/* Begin PBXBuildFile section */
		3E9A069C2A80102200618D65 /* DatePlus Watch App.app in Embed Watch Content */ = {isa = PBXBuildFile; fileRef = 3E9A069B2A80102200618D65 /* DatePlus Watch App.app */; settings = {ATTRIBUTES = (RemoveHeadersOnCopy, ); }; };
		3E9A06CF2A80122D00618D65 /* DatePlus WidgetExtension.appex in Embed Foundation Extensions */ = {isa = PBXBuildFile; fileRef = 3E9A06C12A80122D00618D65 /* DatePlus WidgetExtension.appex */; settings = {ATTRIBUTES = (RemoveHeadersOnCopy, ); }; };
		A00000000000000000000001 /* DatePlusCore in Frameworks */ = {isa = PBXBuildFile; productRef = A00000000000000000000003 /* DatePlusCore */; };
		A00000000000000000000002 /* DatePlusCore in Frameworks */ = {isa = PBXBuildFile; productRef = A00000000000000000000003 /* DatePlusCore */; };
/* End PBXBuildFile section */

/* Begin PBXContainerItemProxy section */
		3E9A069D2A80102200618D65 /* PBXContainerItemProxy */ = {
			isa = PBXContainerItemProxy;
			containerPortal = 3E9A068F2A80102100618D65 /* Project object */;
			proxyType = 1;
			remoteGlobalIDString = 3E9A069A2A80102200618D65;
			remoteInfo = "DatePlus Watch App";
		};
		3E9A06CD2A80122D00618D65 /* PBXContainerItemProxy */ = {
			isa = PBXContainerItemProxy;
			containerPortal = 3E9A068F2A80102100618D65 /* Project object */;
			proxyType = 1;
			remoteGlobalIDString = 3E9A06C02A80122D00618D65;
			remoteInfo = "DatePlus WidgetExtension";
		};
/* End PBXContainerItemProxy section */

/* Begin PBXCopyFilesBuildPhase section */
		3E9A06AE2A80102300618D65 /* Embed Watch Content */ = {
			isa = PBXCopyFilesBuildPhase;
			buildActionMask = 2147483647;
			dstPath = "$(CONTENTS_FOLDER_PATH)/Watch";
			dstSubfolderSpec = 16;
			files = (
				3E9A069C2A80102200618D65 /* DatePlus Watch App.app in Embed Watch Content */,
			);
			name = "Embed Watch Content";
			runOnlyForDeploymentPostprocessing = 0;
		};
		3E9A06D32A80122D00618D65 /* Embed Foundation Extensions */ = {
			isa = PBXCopyFilesBuildPhase;
			buildActionMask = 2147483647;
			dstPath = "";
			dstSubfolderSpec = 13;
			files = (
				3E9A06CF2A80122D00618D65 /* DatePlus WidgetExtension.appex in Embed Foundation Extensions */,
			);
			name = "Embed Foundation Extensions";
			runOnlyForDeploymentPostprocessing = 0;
		};
/* End PBXCopyFilesBuildPhase section */

/* Begin PBXFileReference section */
		3E9A06952A80102200618D65 /* DatePlus.app */ = {isa = PBXFileReference; explicitFileType = wrapper.application; includeInIndex = 0; path = DatePlus.app; sourceTree = BUILT_PRODUCTS_DIR; };
		3E9A069B2A80102200618D65 /* DatePlus Watch App.app */ = {isa = PBXFileReference; explicitFileType = wrapper.application; includeInIndex = 0; path = "DatePlus Watch App.app"; sourceTree = BUILT_PRODUCTS_DIR; };
		3E9A06C12A80122D00618D65 /* DatePlus WidgetExtension.appex */ = {isa = PBXFileReference; explicitFileType = "wrapper.app-extension"; includeInIndex = 0; path = "DatePlus WidgetExtension.appex"; sourceTree = BUILT_PRODUCTS_DIR; };
		A00000000000000000000010 /* Info.plist */ = {isa = PBXFileReference; lastKnownFileType = text.plist.xml; path = Info.plist; sourceTree = "<group>"; };
		A00000000000000000000011 /* Base.xcconfig */ = {isa = PBXFileReference; lastKnownFileType = text.xcconfig; path = Base.xcconfig; sourceTree = "<group>"; };
		A00000000000000000000012 /* Debug.xcconfig */ = {isa = PBXFileReference; lastKnownFileType = text.xcconfig; path = Debug.xcconfig; sourceTree = "<group>"; };
		A00000000000000000000013 /* Release.xcconfig */ = {isa = PBXFileReference; lastKnownFileType = text.xcconfig; path = Release.xcconfig; sourceTree = "<group>"; };
/* End PBXFileReference section */

/* Begin PBXFileSystemSynchronizedBuildFileExceptionSet section */
		A00000000000000000000020 /* Exceptions for DatePlusWatchApp */ = {
			isa = PBXFileSystemSynchronizedBuildFileExceptionSet;
			membershipExceptions = (
				SupportingFiles/DatePlusWatchApp.entitlements,
				SupportingFiles/Info.plist,
			);
			target = 3E9A069A2A80102200618D65 /* DatePlus Watch App */;
		};
		A00000000000000000000021 /* Exceptions for DatePlusWidgetExtension */ = {
			isa = PBXFileSystemSynchronizedBuildFileExceptionSet;
			membershipExceptions = (
				SupportingFiles/DatePlusWidgetExtension.entitlements,
				SupportingFiles/Info.plist,
			);
			target = 3E9A06C02A80122D00618D65 /* DatePlus WidgetExtension */;
		};
/* End PBXFileSystemSynchronizedBuildFileExceptionSet section */

/* Begin PBXFileSystemSynchronizedRootGroup section */
		A00000000000000000000022 /* DatePlusWatchApp */ = {
			isa = PBXFileSystemSynchronizedRootGroup;
			exceptions = (
				A00000000000000000000020 /* Exceptions for DatePlusWatchApp */,
			);
			path = DatePlusWatchApp;
			sourceTree = "<group>";
		};
		A00000000000000000000023 /* DatePlusWidgetExtension */ = {
			isa = PBXFileSystemSynchronizedRootGroup;
			exceptions = (
				A00000000000000000000021 /* Exceptions for DatePlusWidgetExtension */,
			);
			path = DatePlusWidgetExtension;
			sourceTree = "<group>";
		};
/* End PBXFileSystemSynchronizedRootGroup section */

/* Begin PBXFrameworksBuildPhase section */
		3E9A06982A80102200618D65 /* Frameworks */ = {
			isa = PBXFrameworksBuildPhase;
			buildActionMask = 2147483647;
			files = (
				A00000000000000000000001 /* DatePlusCore in Frameworks */,
			);
			runOnlyForDeploymentPostprocessing = 0;
		};
		3E9A06BE2A80122D00618D65 /* Frameworks */ = {
			isa = PBXFrameworksBuildPhase;
			buildActionMask = 2147483647;
			files = (
				A00000000000000000000002 /* DatePlusCore in Frameworks */,
			);
			runOnlyForDeploymentPostprocessing = 0;
		};
/* End PBXFrameworksBuildPhase section */

/* Begin PBXGroup section */
		3E9A068E2A80102100618D65 = {
			isa = PBXGroup;
			children = (
				A00000000000000000000022 /* DatePlusWatchApp */,
				A00000000000000000000023 /* DatePlusWidgetExtension */,
				A00000000000000000000030 /* DatePlusContainer */,
				A00000000000000000000031 /* Configurations */,
				3E9A06962A80102200618D65 /* Products */,
			);
			sourceTree = "<group>";
		};
		3E9A06962A80102200618D65 /* Products */ = {
			isa = PBXGroup;
			children = (
				3E9A06952A80102200618D65 /* DatePlus.app */,
				3E9A069B2A80102200618D65 /* DatePlus Watch App.app */,
				3E9A06C12A80122D00618D65 /* DatePlus WidgetExtension.appex */,
			);
			name = Products;
			sourceTree = "<group>";
		};
		A00000000000000000000030 /* DatePlusContainer */ = {
			isa = PBXGroup;
			children = (
				A00000000000000000000010 /* Info.plist */,
			);
			path = DatePlusContainer;
			sourceTree = "<group>";
		};
		A00000000000000000000031 /* Configurations */ = {
			isa = PBXGroup;
			children = (
				A00000000000000000000011 /* Base.xcconfig */,
				A00000000000000000000012 /* Debug.xcconfig */,
				A00000000000000000000013 /* Release.xcconfig */,
			);
			path = Configurations;
			sourceTree = "<group>";
		};
/* End PBXGroup section */

/* Begin PBXNativeTarget section */
		3E9A06942A80102200618D65 /* DatePlus */ = {
			isa = PBXNativeTarget;
			buildConfigurationList = 3E9A06AF2A80102300618D65 /* Build configuration list for PBXNativeTarget "DatePlus" */;
			buildPhases = (
				3E9A06932A80102200618D65 /* Resources */,
				3E9A06AE2A80102300618D65 /* Embed Watch Content */,
			);
			buildRules = (
			);
			dependencies = (
				3E9A069E2A80102200618D65 /* PBXTargetDependency */,
			);
			name = DatePlus;
			productName = DatePlus;
			productReference = 3E9A06952A80102200618D65 /* DatePlus.app */;
			productType = "com.apple.product-type.application.watchapp2-container";
		};
		3E9A069A2A80102200618D65 /* DatePlus Watch App */ = {
			isa = PBXNativeTarget;
			buildConfigurationList = 3E9A06AB2A80102300618D65 /* Build configuration list for PBXNativeTarget "DatePlus Watch App" */;
			buildPhases = (
				3E9A06972A80102200618D65 /* Sources */,
				3E9A06982A80102200618D65 /* Frameworks */,
				3E9A06992A80102200618D65 /* Resources */,
				3E9A06D32A80122D00618D65 /* Embed Foundation Extensions */,
			);
			buildRules = (
			);
			dependencies = (
				3E9A06CE2A80122D00618D65 /* PBXTargetDependency */,
			);
			fileSystemSynchronizedGroups = (
				A00000000000000000000022 /* DatePlusWatchApp */,
			);
			name = "DatePlus Watch App";
			packageProductDependencies = (
				A00000000000000000000003 /* DatePlusCore */,
			);
			productName = "DatePlus Watch App";
			productReference = 3E9A069B2A80102200618D65 /* DatePlus Watch App.app */;
			productType = "com.apple.product-type.application";
		};
		3E9A06C02A80122D00618D65 /* DatePlus WidgetExtension */ = {
			isa = PBXNativeTarget;
			buildConfigurationList = 3E9A06D02A80122D00618D65 /* Build configuration list for PBXNativeTarget "DatePlus WidgetExtension" */;
			buildPhases = (
				3E9A06BD2A80122D00618D65 /* Sources */,
				3E9A06BE2A80122D00618D65 /* Frameworks */,
				3E9A06BF2A80122D00618D65 /* Resources */,
			);
			buildRules = (
			);
			dependencies = (
			);
			fileSystemSynchronizedGroups = (
				A00000000000000000000023 /* DatePlusWidgetExtension */,
			);
			name = "DatePlus WidgetExtension";
			packageProductDependencies = (
				A00000000000000000000003 /* DatePlusCore */,
			);
			productName = "DatePlus WidgetExtension";
			productReference = 3E9A06C12A80122D00618D65 /* DatePlus WidgetExtension.appex */;
			productType = "com.apple.product-type.app-extension";
		};
/* End PBXNativeTarget section */

/* Begin PBXProject section */
		3E9A068F2A80102100618D65 /* Project object */ = {
			isa = PBXProject;
			attributes = {
				BuildIndependentTargetsInParallel = 1;
				LastSwiftUpdateCheck = 1620;
				LastUpgradeCheck = 1620;
				TargetAttributes = {
					3E9A06942A80102200618D65 = { CreatedOnToolsVersion = 16.2; };
					3E9A069A2A80102200618D65 = { CreatedOnToolsVersion = 16.2; };
					3E9A06C02A80122D00618D65 = { CreatedOnToolsVersion = 16.2; };
				};
			};
			buildConfigurationList = 3E9A06922A80102100618D65 /* Build configuration list for PBXProject "DatePlus" */;
			compatibilityVersion = "Xcode 16.0";
			developmentRegion = en;
			hasScannedForEncodings = 0;
			knownRegions = (
				en,
				Base,
				ja,
			);
			mainGroup = 3E9A068E2A80102100618D65;
			packageReferences = (
				A00000000000000000000004 /* XCLocalSwiftPackageReference "Packages/DatePlusCore" */,
			);
			preferredProjectObjectVersion = 77;
			productRefGroup = 3E9A06962A80102200618D65 /* Products */;
			projectDirPath = "";
			projectRoot = "";
			targets = (
				3E9A06942A80102200618D65 /* DatePlus */,
				3E9A069A2A80102200618D65 /* DatePlus Watch App */,
				3E9A06C02A80122D00618D65 /* DatePlus WidgetExtension */,
			);
		};
/* End PBXProject section */

/* Begin PBXResourcesBuildPhase section */
		3E9A06932A80102200618D65 /* Resources */ = {isa = PBXResourcesBuildPhase; buildActionMask = 2147483647; files = (); runOnlyForDeploymentPostprocessing = 0; };
		3E9A06992A80102200618D65 /* Resources */ = {isa = PBXResourcesBuildPhase; buildActionMask = 2147483647; files = (); runOnlyForDeploymentPostprocessing = 0; };
		3E9A06BF2A80122D00618D65 /* Resources */ = {isa = PBXResourcesBuildPhase; buildActionMask = 2147483647; files = (); runOnlyForDeploymentPostprocessing = 0; };
/* End PBXResourcesBuildPhase section */

/* Begin PBXSourcesBuildPhase section */
		3E9A06972A80102200618D65 /* Sources */ = {isa = PBXSourcesBuildPhase; buildActionMask = 2147483647; files = (); runOnlyForDeploymentPostprocessing = 0; };
		3E9A06BD2A80122D00618D65 /* Sources */ = {isa = PBXSourcesBuildPhase; buildActionMask = 2147483647; files = (); runOnlyForDeploymentPostprocessing = 0; };
/* End PBXSourcesBuildPhase section */

/* Begin PBXTargetDependency section */
		3E9A069E2A80102200618D65 /* PBXTargetDependency */ = {isa = PBXTargetDependency; target = 3E9A069A2A80102200618D65 /* DatePlus Watch App */; targetProxy = 3E9A069D2A80102200618D65 /* PBXContainerItemProxy */; };
		3E9A06CE2A80122D00618D65 /* PBXTargetDependency */ = {isa = PBXTargetDependency; target = 3E9A06C02A80122D00618D65 /* DatePlus WidgetExtension */; targetProxy = 3E9A06CD2A80122D00618D65 /* PBXContainerItemProxy */; };
/* End PBXTargetDependency section */

/* Begin XCBuildConfiguration section */
		3E9A06A92A80102300618D65 /* Debug */ = {
			isa = XCBuildConfiguration;
			baseConfigurationReference = A00000000000000000000012 /* Debug.xcconfig */;
			buildSettings = {
				WATCHOS_DEPLOYMENT_TARGET = 9.0;
			};
			name = Debug;
		};
		3E9A06AA2A80102300618D65 /* Release */ = {
			isa = XCBuildConfiguration;
			baseConfigurationReference = A00000000000000000000013 /* Release.xcconfig */;
			buildSettings = {
				WATCHOS_DEPLOYMENT_TARGET = 9.0;
			};
			name = Release;
		};
		3E9A06AC2A80102300618D65 /* Debug */ = {
			isa = XCBuildConfiguration;
			buildSettings = {
				ALWAYS_EMBED_SWIFT_STANDARD_LIBRARIES = YES;
				ASSETCATALOG_COMPILER_APPICON_NAME = "AppIcon$(BUNDLE_ID_SUFFIX)";
				ASSETCATALOG_COMPILER_GLOBAL_ACCENT_COLOR_NAME = AccentColor;
				CODE_SIGN_ENTITLEMENTS = DatePlusWatchApp/SupportingFiles/DatePlusWatchApp.entitlements;
				CODE_SIGN_STYLE = Automatic;
				DEVELOPMENT_ASSET_PATHS = DatePlusWatchApp/Resources/PreviewContent;
				ENABLE_PREVIEWS = YES;
				GENERATE_INFOPLIST_FILE = NO;
				INFOPLIST_FILE = DatePlusWatchApp/SupportingFiles/Info.plist;
				LD_RUNPATH_SEARCH_PATHS = "$(inherited) @executable_path/Frameworks";
				PRODUCT_BUNDLE_IDENTIFIER = "net.root-lump.DatePlus.watchkitapp$(BUNDLE_ID_SUFFIX)";
				PRODUCT_NAME = "$(TARGET_NAME)";
				SDKROOT = watchos;
				SKIP_INSTALL = YES;
				SUPPORTED_PLATFORMS = "watchos watchsimulator";
				TARGETED_DEVICE_FAMILY = 4;
			};
			name = Debug;
		};
		3E9A06AD2A80102300618D65 /* Release */ = {
			isa = XCBuildConfiguration;
			buildSettings = {
				ALWAYS_EMBED_SWIFT_STANDARD_LIBRARIES = YES;
				ASSETCATALOG_COMPILER_APPICON_NAME = "AppIcon$(BUNDLE_ID_SUFFIX)";
				ASSETCATALOG_COMPILER_GLOBAL_ACCENT_COLOR_NAME = AccentColor;
				CODE_SIGN_ENTITLEMENTS = DatePlusWatchApp/SupportingFiles/DatePlusWatchApp.entitlements;
				CODE_SIGN_STYLE = Automatic;
				DEVELOPMENT_ASSET_PATHS = DatePlusWatchApp/Resources/PreviewContent;
				ENABLE_PREVIEWS = YES;
				GENERATE_INFOPLIST_FILE = NO;
				INFOPLIST_FILE = DatePlusWatchApp/SupportingFiles/Info.plist;
				LD_RUNPATH_SEARCH_PATHS = "$(inherited) @executable_path/Frameworks";
				PRODUCT_BUNDLE_IDENTIFIER = "net.root-lump.DatePlus.watchkitapp$(BUNDLE_ID_SUFFIX)";
				PRODUCT_NAME = "$(TARGET_NAME)";
				SDKROOT = watchos;
				SKIP_INSTALL = YES;
				SUPPORTED_PLATFORMS = "watchos watchsimulator";
				TARGETED_DEVICE_FAMILY = 4;
			};
			name = Release;
		};
		3E9A06B02A80102300618D65 /* Debug */ = {
			isa = XCBuildConfiguration;
			buildSettings = {
				ALWAYS_EMBED_SWIFT_STANDARD_LIBRARIES = YES;
				CODE_SIGN_STYLE = Automatic;
				INFOPLIST_FILE = DatePlusContainer/Info.plist;
				INFOPLIST_KEY_CFBundleDisplayName = "$(APP_DISPLAY_NAME)";
				PRODUCT_BUNDLE_IDENTIFIER = "net.root-lump.DatePlus$(BUNDLE_ID_SUFFIX)";
				PRODUCT_NAME = "$(TARGET_NAME)";
				SDKROOT = iphoneos;
			};
			name = Debug;
		};
		3E9A06B12A80102300618D65 /* Release */ = {
			isa = XCBuildConfiguration;
			buildSettings = {
				ALWAYS_EMBED_SWIFT_STANDARD_LIBRARIES = YES;
				CODE_SIGN_STYLE = Automatic;
				INFOPLIST_FILE = DatePlusContainer/Info.plist;
				INFOPLIST_KEY_CFBundleDisplayName = "$(APP_DISPLAY_NAME)";
				PRODUCT_BUNDLE_IDENTIFIER = "net.root-lump.DatePlus$(BUNDLE_ID_SUFFIX)";
				PRODUCT_NAME = "$(TARGET_NAME)";
				SDKROOT = iphoneos;
			};
			name = Release;
		};
		3E9A06D12A80122D00618D65 /* Debug */ = {
			isa = XCBuildConfiguration;
			buildSettings = {
				ASSETCATALOG_COMPILER_GLOBAL_ACCENT_COLOR_NAME = AccentColor;
				ASSETCATALOG_COMPILER_WIDGET_BACKGROUND_COLOR_NAME = WidgetBackground;
				CODE_SIGN_ENTITLEMENTS = DatePlusWidgetExtension/SupportingFiles/DatePlusWidgetExtension.entitlements;
				CODE_SIGN_STYLE = Automatic;
				GENERATE_INFOPLIST_FILE = YES;
				INFOPLIST_FILE = DatePlusWidgetExtension/SupportingFiles/Info.plist;
				INFOPLIST_KEY_CFBundleDisplayName = "$(WIDGET_DISPLAY_NAME)";
				LD_RUNPATH_SEARCH_PATHS = "$(inherited) @executable_path/Frameworks @executable_path/../../Frameworks @executable_path/../../../../Frameworks";
				PRODUCT_BUNDLE_IDENTIFIER = "net.root-lump.DatePlus.watchkitapp$(BUNDLE_ID_SUFFIX).DatePlus-Widget";
				PRODUCT_NAME = "$(TARGET_NAME)";
				SDKROOT = watchos;
				SKIP_INSTALL = YES;
				SUPPORTED_PLATFORMS = "watchos watchsimulator";
				TARGETED_DEVICE_FAMILY = 4;
			};
			name = Debug;
		};
		3E9A06D22A80122D00618D65 /* Release */ = {
			isa = XCBuildConfiguration;
			buildSettings = {
				ASSETCATALOG_COMPILER_GLOBAL_ACCENT_COLOR_NAME = AccentColor;
				ASSETCATALOG_COMPILER_WIDGET_BACKGROUND_COLOR_NAME = WidgetBackground;
				CODE_SIGN_ENTITLEMENTS = DatePlusWidgetExtension/SupportingFiles/DatePlusWidgetExtension.entitlements;
				CODE_SIGN_STYLE = Automatic;
				GENERATE_INFOPLIST_FILE = YES;
				INFOPLIST_FILE = DatePlusWidgetExtension/SupportingFiles/Info.plist;
				INFOPLIST_KEY_CFBundleDisplayName = "$(WIDGET_DISPLAY_NAME)";
				LD_RUNPATH_SEARCH_PATHS = "$(inherited) @executable_path/Frameworks @executable_path/../../Frameworks @executable_path/../../../../Frameworks";
				PRODUCT_BUNDLE_IDENTIFIER = "net.root-lump.DatePlus.watchkitapp$(BUNDLE_ID_SUFFIX).DatePlus-Widget";
				PRODUCT_NAME = "$(TARGET_NAME)";
				SDKROOT = watchos;
				SKIP_INSTALL = YES;
				SUPPORTED_PLATFORMS = "watchos watchsimulator";
				TARGETED_DEVICE_FAMILY = 4;
			};
			name = Release;
		};
/* End XCBuildConfiguration section */

/* Begin XCConfigurationList section */
		3E9A06922A80102100618D65 /* Build configuration list for PBXProject "DatePlus" */ = {isa = XCConfigurationList; buildConfigurations = (3E9A06A92A80102300618D65 /* Debug */, 3E9A06AA2A80102300618D65 /* Release */, ); defaultConfigurationIsVisible = 0; defaultConfigurationName = Release; };
		3E9A06AB2A80102300618D65 /* Build configuration list for PBXNativeTarget "DatePlus Watch App" */ = {isa = XCConfigurationList; buildConfigurations = (3E9A06AC2A80102300618D65 /* Debug */, 3E9A06AD2A80102300618D65 /* Release */, ); defaultConfigurationIsVisible = 0; defaultConfigurationName = Release; };
		3E9A06AF2A80102300618D65 /* Build configuration list for PBXNativeTarget "DatePlus" */ = {isa = XCConfigurationList; buildConfigurations = (3E9A06B02A80102300618D65 /* Debug */, 3E9A06B12A80102300618D65 /* Release */, ); defaultConfigurationIsVisible = 0; defaultConfigurationName = Release; };
		3E9A06D02A80122D00618D65 /* Build configuration list for PBXNativeTarget "DatePlus WidgetExtension" */ = {isa = XCConfigurationList; buildConfigurations = (3E9A06D12A80122D00618D65 /* Debug */, 3E9A06D22A80122D00618D65 /* Release */, ); defaultConfigurationIsVisible = 0; defaultConfigurationName = Release; };
/* End XCConfigurationList section */

/* Begin XCLocalSwiftPackageReference section */
		A00000000000000000000004 /* XCLocalSwiftPackageReference "Packages/DatePlusCore" */ = {
			isa = XCLocalSwiftPackageReference;
			relativePath = Packages/DatePlusCore;
		};
/* End XCLocalSwiftPackageReference section */

/* Begin XCSwiftPackageProductDependency section */
		A00000000000000000000003 /* DatePlusCore */ = {
			isa = XCSwiftPackageProductDependency;
			package = A00000000000000000000004 /* XCLocalSwiftPackageReference "Packages/DatePlusCore" */;
			productName = DatePlusCore;
		};
/* End XCSwiftPackageProductDependency section */
	};
	rootObject = 3E9A068F2A80102100618D65 /* Project object */;
}
